
Microsoft Visual Studio Solution File, Format Version 12.00
# Visual Studio Version 16
VisualStudioVersion = 16.0.30717.126
MinimumVisualStudioVersion = 10.0.40219.1
Project("{FAE04EC0-301F-11D3-BF4B-00C04F79EFBC}") = "Commander", "Commander.csproj", "{2F736003-FB31-44A2-993C-8DE02F7F989C}"
EndProject
Global
	GlobalSection(SolutionConfigurationPlatforms) = preSolution
		Debug|Any CPU = Debug|Any CPU
		Release|Any CPU = Release|Any CPU
	EndGlobalSection
	GlobalSection(ProjectConfigurationPlatforms) = postSolution
		{2F736003-FB31-44A2-993C-8DE02F7F989C}.Debug|Any CPU.ActiveCfg = Debug|Any CPU
		{2F736003-FB31-44A2-993C-8DE02F7F989C}.Debug|Any CPU.Build.0 = Debug|Any CPU
		{2F736003-FB31-44A2-993C-8DE02F7F989C}.Release|Any CPU.ActiveCfg = Release|Any CPU
		{2F736003-FB31-44A2-993C-8DE02F7F989C}.Release|Any CPU.Build.0 = Release|Any CPU
	EndGlobalSection
	GlobalSection(SolutionProperties) = preSolution
		HideSolutionNode = FALSE
	EndGlobalSection
	GlobalSection(ExtensibilityGlobals) = postSolution
		SolutionGuid = {036BFD46-5B51-4DAA-82E7-C14A0BEE423E}
	EndGlobalSection
EndGlobal
